
Microsoft Visual Studio Solution File, Format Version 12.00
# Visual Studio Version 16
VisualStudioVersion = 16.0.30523.141
MinimumVisualStudioVersion = 10.0.40219.1
Project("{9A19103F-16F7-4668-BE54-9A1E7A4F7556}") = "ImplicitClientDemo", "ImplicitClientDemo\ImplicitClientDemo.csproj", "{FD4AD2D0-1F24-41AE-9D11-CFC21A113E4E}"
EndProject
Project("{9A19103F-16F7-4668-BE54-9A1E7A4F7556}") = "CodeDemo", "CodeDemo\CodeDemo.csproj", "{5953416F-7AFE-4EAF-B7C5-5B2ADDC231A0}"
EndProject
Project("{2150E333-8FDC-42A3-9474-1A3956D46DE8}") = "Database", "Database", "{D449627D-0611-4541-A1C7-5BA9D6093873}"
EndProject
Project("{2150E333-8FDC-42A3-9474-1A3956D46DE8}") = "Service", "Service", "{CEABCA5E-C03C-4DCF-B3F3-1D3E89605EFB}"
EndProject
Project("{9A19103F-16F7-4668-BE54-9A1E7A4F7556}") = "Dependency", "Dependency\Dependency.csproj", "{8D3F96BA-71B6-4129-A990-BD0CC9256A38}"
EndProject
Project("{2150E333-8FDC-42A3-9474-1A3956D46DE8}") = "Server", "Server", "{BE2C7F5A-495C-40EF-A2E7-4DAF30665FA9}"
EndProject
Project("{9A19103F-16F7-4668-BE54-9A1E7A4F7556}") = "IdsEFCore", "IdsEFCore\IdsEFCore.csproj", "{83C6A6C9-06CB-4AA4-84AB-B508932807F2}"
EndProject
Project("{9A19103F-16F7-4668-BE54-9A1E7A4F7556}") = "IDS.Database", "IDS.Database\IDS.Database.csproj", "{B7D6F2E8-DD06-4289-940F-3C7E8A41A4EE}"
EndProject
Project("{9A19103F-16F7-4668-BE54-9A1E7A4F7556}") = "IDS.MySql", "IDS.MySql\IDS.MySql.csproj", "{AF49ADB2-0B19-4278-B626-8B4E0752F358}"
EndProject
Project("{9A19103F-16F7-4668-BE54-9A1E7A4F7556}") = "IDS.MySqlDB", "IDS.MySqlDB\IDS.MySqlDB.csproj", "{61FBD3DD-D709-4C94-9618-7687741F163E}"
EndProject
Project("{2150E333-8FDC-42A3-9474-1A3956D46DE8}") = "Client", "Client", "{888509F4-A817-4281-BE53-3B6F53BEF114}"
EndProject
Global
	GlobalSection(SolutionConfigurationPlatforms) = preSolution
		Debug|Any CPU = Debug|Any CPU
		Release|Any CPU = Release|Any CPU
	EndGlobalSection
	GlobalSection(ProjectConfigurationPlatforms) = postSolution
		{FD4AD2D0-1F24-41AE-9D11-CFC21A113E4E}.Debug|Any CPU.ActiveCfg = Debug|Any CPU
		{FD4AD2D0-1F24-41AE-9D11-CFC21A113E4E}.Debug|Any CPU.Build.0 = Debug|Any CPU
		{FD4AD2D0-1F24-41AE-9D11-CFC21A113E4E}.Release|Any CPU.ActiveCfg = Release|Any CPU
		{FD4AD2D0-1F24-41AE-9D11-CFC21A113E4E}.Release|Any CPU.Build.0 = Release|Any CPU
		{5953416F-7AFE-4EAF-B7C5-5B2ADDC231A0}.Debug|Any CPU.ActiveCfg = Debug|Any CPU
		{5953416F-7AFE-4EAF-B7C5-5B2ADDC231A0}.Debug|Any CPU.Build.0 = Debug|Any CPU
		{5953416F-7AFE-4EAF-B7C5-5B2ADDC231A0}.Release|Any CPU.ActiveCfg = Release|Any CPU
		{5953416F-7AFE-4EAF-B7C5-5B2ADDC231A0}.Release|Any CPU.Build.0 = Release|Any CPU
		{8D3F96BA-71B6-4129-A990-BD0CC9256A38}.Debug|Any CPU.ActiveCfg = Debug|Any CPU
		{8D3F96BA-71B6-4129-A990-BD0CC9256A38}.Debug|Any CPU.Build.0 = Debug|Any CPU
		{8D3F96BA-71B6-4129-A990-BD0CC9256A38}.Release|Any CPU.ActiveCfg = Release|Any CPU
		{8D3F96BA-71B6-4129-A990-BD0CC9256A38}.Release|Any CPU.Build.0 = Release|Any CPU
		{83C6A6C9-06CB-4AA4-84AB-B508932807F2}.Debug|Any CPU.ActiveCfg = Debug|Any CPU
		{83C6A6C9-06CB-4AA4-84AB-B508932807F2}.Debug|Any CPU.Build.0 = Debug|Any CPU
		{83C6A6C9-06CB-4AA4-84AB-B508932807F2}.Release|Any CPU.ActiveCfg = Release|Any CPU
		{83C6A6C9-06CB-4AA4-84AB-B508932807F2}.Release|Any CPU.Build.0 = Release|Any CPU
		{B7D6F2E8-DD06-4289-940F-3C7E8A41A4EE}.Debug|Any CPU.ActiveCfg = Debug|Any CPU
		{B7D6F2E8-DD06-4289-940F-3C7E8A41A4EE}.Debug|Any CPU.Build.0 = Debug|Any CPU
		{B7D6F2E8-DD06-4289-940F-3C7E8A41A4EE}.Release|Any CPU.ActiveCfg = Release|Any CPU
		{B7D6F2E8-DD06-4289-940F-3C7E8A41A4EE}.Release|Any CPU.Build.0 = Release|Any CPU
		{AF49ADB2-0B19-4278-B626-8B4E0752F358}.Debug|Any CPU.ActiveCfg = Debug|Any CPU
		{AF49ADB2-0B19-4278-B626-8B4E0752F358}.Debug|Any CPU.Build.0 = Debug|Any CPU
		{AF49ADB2-0B19-4278-B626-8B4E0752F358}.Release|Any CPU.ActiveCfg = Release|Any CPU
		{AF49ADB2-0B19-4278-B626-8B4E0752F358}.Release|Any CPU.Build.0 = Release|Any CPU
		{61FBD3DD-D709-4C94-9618-7687741F163E}.Debug|Any CPU.ActiveCfg = Debug|Any CPU
		{61FBD3DD-D709-4C94-9618-7687741F163E}.Debug|Any CPU.Build.0 = Debug|Any CPU
		{61FBD3DD-D709-4C94-9618-7687741F163E}.Release|Any CPU.ActiveCfg = Release|Any CPU
		{61FBD3DD-D709-4C94-9618-7687741F163E}.Release|Any CPU.Build.0 = Release|Any CPU
	EndGlobalSection
	GlobalSection(SolutionProperties) = preSolution
		HideSolutionNode = FALSE
	EndGlobalSection
	GlobalSection(NestedProjects) = preSolution
		{FD4AD2D0-1F24-41AE-9D11-CFC21A113E4E} = {888509F4-A817-4281-BE53-3B6F53BEF114}
		{5953416F-7AFE-4EAF-B7C5-5B2ADDC231A0} = {888509F4-A817-4281-BE53-3B6F53BEF114}
		{8D3F96BA-71B6-4129-A990-BD0CC9256A38} = {CEABCA5E-C03C-4DCF-B3F3-1D3E89605EFB}
		{83C6A6C9-06CB-4AA4-84AB-B508932807F2} = {BE2C7F5A-495C-40EF-A2E7-4DAF30665FA9}
		{B7D6F2E8-DD06-4289-940F-3C7E8A41A4EE} = {D449627D-0611-4541-A1C7-5BA9D6093873}
		{AF49ADB2-0B19-4278-B626-8B4E0752F358} = {D449627D-0611-4541-A1C7-5BA9D6093873}
		{61FBD3DD-D709-4C94-9618-7687741F163E} = {D449627D-0611-4541-A1C7-5BA9D6093873}
	EndGlobalSection
	GlobalSection(ExtensibilityGlobals) = postSolution
		SolutionGuid = {0511976C-3F0B-4454-A0AA-3817BE6C1A5E}
	EndGlobalSection
EndGlobal
