
Microsoft Visual Studio Solution File, Format Version 12.00
# Visual Studio Version 16
VisualStudioVersion = 16.0.30523.141
MinimumVisualStudioVersion = 10.0.40219.1
Project("{9A19103F-16F7-4668-BE54-9A1E7A4F7556}") = "CodeDemo", "CodeDemo\CodeDemo.csproj", "{5953416F-7AFE-4EAF-B7C5-5B2ADDC231A0}"
EndProject
Project("{2150E333-8FDC-42A3-9474-1A3956D46DE8}") = "Database", "Database", "{D449627D-0611-4541-A1C7-5BA9D6093873}"
EndProject
Project("{2150E333-8FDC-42A3-9474-1A3956D46DE8}") = "Service", "Service", "{CEABCA5E-C03C-4DCF-B3F3-1D3E89605EFB}"
EndProject
Project("{9A19103F-16F7-4668-BE54-9A1E7A4F7556}") = "Dependency", "Dependency\Dependency.csproj", "{8D3F96BA-71B6-4129-A990-BD0CC9256A38}"
EndProject
Project("{2150E333-8FDC-42A3-9474-1A3956D46DE8}") = "Server", "Server", "{BE2C7F5A-495C-40EF-A2E7-4DAF30665FA9}"
EndProject
Project("{9A19103F-16F7-4668-BE54-9A1E7A4F7556}") = "IdsEFCore", "IdsEFCore\IdsEFCore.csproj", "{83C6A6C9-06CB-4AA4-84AB-B508932807F2}"
EndProject
Project("{9A19103F-16F7-4668-BE54-9A1E7A4F7556}") = "IDS.Database", "IDS.Database\IDS.Database.csproj", "{B7D6F2E8-DD06-4289-940F-3C7E8A41A4EE}"
EndProject
Project("{9A19103F-16F7-4668-BE54-9A1E7A4F7556}") = "IDS.MySql", "IDS.MySql\IDS.MySql.csproj", "{AF49ADB2-0B19-4278-B626-8B4E0752F358}"
EndProject
Project("{2150E333-8FDC-42A3-9474-1A3956D46DE8}") = "Client", "Client", "{888509F4-A817-4281-BE53-3B6F53BEF114}"
EndProject
Project("{9A19103F-16F7-4668-BE54-9A1E7A4F7556}") = "HybirdDemo", "HybirdDemo\HybirdDemo.csproj", "{F1024AB9-AF8C-4A79-8081-2BC88CE98522}"
EndProject
Project("{9A19103F-16F7-4668-BE54-9A1E7A4F7556}") = "Implicit_Client", "Implicit_Client\Implicit_Client.csproj", "{E8AFA192-C144-4151-9E6F-31AD952278B5}"
EndProject
Project("{9A19103F-16F7-4668-BE54-9A1E7A4F7556}") = "Password_Client", "Password_Client\Password_Client.csproj", "{594DBC2F-97BA-4620-8C6B-02557D5A16F3}"
EndProject
Project("{9A19103F-16F7-4668-BE54-9A1E7A4F7556}") = "ClientCredentials", "ClientCredentials\ClientCredentials.csproj", "{6C9D7340-DBB5-40EE-80FE-937D02FA5699}"
EndProject
Project("{FAE04EC0-301F-11D3-BF4B-00C04F79EFBC}") = "IDS.Client", "IDS.Client\IDS.Client.csproj", "{BB1A90B0-D78F-4C48-951F-5E5A5F5AEE02}"
EndProject
Global
	GlobalSection(SolutionConfigurationPlatforms) = preSolution
		Debug|Any CPU = Debug|Any CPU
		Release|Any CPU = Release|Any CPU
	EndGlobalSection
	GlobalSection(ProjectConfigurationPlatforms) = postSolution
		{5953416F-7AFE-4EAF-B7C5-5B2ADDC231A0}.Debug|Any CPU.ActiveCfg = Debug|Any CPU
		{5953416F-7AFE-4EAF-B7C5-5B2ADDC231A0}.Debug|Any CPU.Build.0 = Debug|Any CPU
		{5953416F-7AFE-4EAF-B7C5-5B2ADDC231A0}.Release|Any CPU.ActiveCfg = Release|Any CPU
		{5953416F-7AFE-4EAF-B7C5-5B2ADDC231A0}.Release|Any CPU.Build.0 = Release|Any CPU
		{8D3F96BA-71B6-4129-A990-BD0CC9256A38}.Debug|Any CPU.ActiveCfg = Debug|Any CPU
		{8D3F96BA-71B6-4129-A990-BD0CC9256A38}.Debug|Any CPU.Build.0 = Debug|Any CPU
		{8D3F96BA-71B6-4129-A990-BD0CC9256A38}.Release|Any CPU.ActiveCfg = Release|Any CPU
		{8D3F96BA-71B6-4129-A990-BD0CC9256A38}.Release|Any CPU.Build.0 = Release|Any CPU
		{83C6A6C9-06CB-4AA4-84AB-B508932807F2}.Debug|Any CPU.ActiveCfg = Debug|Any CPU
		{83C6A6C9-06CB-4AA4-84AB-B508932807F2}.Debug|Any CPU.Build.0 = Debug|Any CPU
		{83C6A6C9-06CB-4AA4-84AB-B508932807F2}.Release|Any CPU.ActiveCfg = Release|Any CPU
		{83C6A6C9-06CB-4AA4-84AB-B508932807F2}.Release|Any CPU.Build.0 = Release|Any CPU
		{B7D6F2E8-DD06-4289-940F-3C7E8A41A4EE}.Debug|Any CPU.ActiveCfg = Debug|Any CPU
		{B7D6F2E8-DD06-4289-940F-3C7E8A41A4EE}.Debug|Any CPU.Build.0 = Debug|Any CPU
		{B7D6F2E8-DD06-4289-940F-3C7E8A41A4EE}.Release|Any CPU.ActiveCfg = Release|Any CPU
		{B7D6F2E8-DD06-4289-940F-3C7E8A41A4EE}.Release|Any CPU.Build.0 = Release|Any CPU
		{AF49ADB2-0B19-4278-B626-8B4E0752F358}.Debug|Any CPU.ActiveCfg = Debug|Any CPU
		{AF49ADB2-0B19-4278-B626-8B4E0752F358}.Debug|Any CPU.Build.0 = Debug|Any CPU
		{AF49ADB2-0B19-4278-B626-8B4E0752F358}.Release|Any CPU.ActiveCfg = Release|Any CPU
		{AF49ADB2-0B19-4278-B626-8B4E0752F358}.Release|Any CPU.Build.0 = Release|Any CPU
		{F1024AB9-AF8C-4A79-8081-2BC88CE98522}.Debug|Any CPU.ActiveCfg = Debug|Any CPU
		{F1024AB9-AF8C-4A79-8081-2BC88CE98522}.Debug|Any CPU.Build.0 = Debug|Any CPU
		{F1024AB9-AF8C-4A79-8081-2BC88CE98522}.Release|Any CPU.ActiveCfg = Release|Any CPU
		{F1024AB9-AF8C-4A79-8081-2BC88CE98522}.Release|Any CPU.Build.0 = Release|Any CPU
		{E8AFA192-C144-4151-9E6F-31AD952278B5}.Debug|Any CPU.ActiveCfg = Debug|Any CPU
		{E8AFA192-C144-4151-9E6F-31AD952278B5}.Debug|Any CPU.Build.0 = Debug|Any CPU
		{E8AFA192-C144-4151-9E6F-31AD952278B5}.Release|Any CPU.ActiveCfg = Release|Any CPU
		{E8AFA192-C144-4151-9E6F-31AD952278B5}.Release|Any CPU.Build.0 = Release|Any CPU
		{594DBC2F-97BA-4620-8C6B-02557D5A16F3}.Debug|Any CPU.ActiveCfg = Debug|Any CPU
		{594DBC2F-97BA-4620-8C6B-02557D5A16F3}.Debug|Any CPU.Build.0 = Debug|Any CPU
		{594DBC2F-97BA-4620-8C6B-02557D5A16F3}.Release|Any CPU.ActiveCfg = Release|Any CPU
		{594DBC2F-97BA-4620-8C6B-02557D5A16F3}.Release|Any CPU.Build.0 = Release|Any CPU
		{6C9D7340-DBB5-40EE-80FE-937D02FA5699}.Debug|Any CPU.ActiveCfg = Debug|Any CPU
		{6C9D7340-DBB5-40EE-80FE-937D02FA5699}.Debug|Any CPU.Build.0 = Debug|Any CPU
		{6C9D7340-DBB5-40EE-80FE-937D02FA5699}.Release|Any CPU.ActiveCfg = Release|Any CPU
		{6C9D7340-DBB5-40EE-80FE-937D02FA5699}.Release|Any CPU.Build.0 = Release|Any CPU
		{BB1A90B0-D78F-4C48-951F-5E5A5F5AEE02}.Debug|Any CPU.ActiveCfg = Debug|Any CPU
		{BB1A90B0-D78F-4C48-951F-5E5A5F5AEE02}.Debug|Any CPU.Build.0 = Debug|Any CPU
		{BB1A90B0-D78F-4C48-951F-5E5A5F5AEE02}.Release|Any CPU.ActiveCfg = Release|Any CPU
		{BB1A90B0-D78F-4C48-951F-5E5A5F5AEE02}.Release|Any CPU.Build.0 = Release|Any CPU
	EndGlobalSection
	GlobalSection(SolutionProperties) = preSolution
		HideSolutionNode = FALSE
	EndGlobalSection
	GlobalSection(NestedProjects) = preSolution
		{5953416F-7AFE-4EAF-B7C5-5B2ADDC231A0} = {888509F4-A817-4281-BE53-3B6F53BEF114}
		{8D3F96BA-71B6-4129-A990-BD0CC9256A38} = {CEABCA5E-C03C-4DCF-B3F3-1D3E89605EFB}
		{83C6A6C9-06CB-4AA4-84AB-B508932807F2} = {BE2C7F5A-495C-40EF-A2E7-4DAF30665FA9}
		{B7D6F2E8-DD06-4289-940F-3C7E8A41A4EE} = {D449627D-0611-4541-A1C7-5BA9D6093873}
		{AF49ADB2-0B19-4278-B626-8B4E0752F358} = {D449627D-0611-4541-A1C7-5BA9D6093873}
		{F1024AB9-AF8C-4A79-8081-2BC88CE98522} = {888509F4-A817-4281-BE53-3B6F53BEF114}
		{E8AFA192-C144-4151-9E6F-31AD952278B5} = {888509F4-A817-4281-BE53-3B6F53BEF114}
		{594DBC2F-97BA-4620-8C6B-02557D5A16F3} = {888509F4-A817-4281-BE53-3B6F53BEF114}
		{6C9D7340-DBB5-40EE-80FE-937D02FA5699} = {888509F4-A817-4281-BE53-3B6F53BEF114}
		{BB1A90B0-D78F-4C48-951F-5E5A5F5AEE02} = {888509F4-A817-4281-BE53-3B6F53BEF114}
	EndGlobalSection
	GlobalSection(ExtensibilityGlobals) = postSolution
		SolutionGuid = {0511976C-3F0B-4454-A0AA-3817BE6C1A5E}
	EndGlobalSection
EndGlobal
